
Microsoft Visual Studio Solution File, Format Version 12.00
# Visual Studio Version 17
VisualStudioVersion = 17.8.34330.188
MinimumVisualStudioVersion = 10.0.40219.1
Project("{FAE04EC0-301F-11D3-BF4B-00C04F79EFBC}") = "ProductManagement_CleanArchitecture_2025", "ProductManagement_CleanArchitecture_2025\ProductManagement_CleanArchitecture_2025.csproj", "{1E535B92-267F-4F00-83D0-F34E07D13D11}"
EndProject
Global
	GlobalSection(SolutionConfigurationPlatforms) = preSolution
		Debug|Any CPU = Debug|Any CPU
		Release|Any CPU = Release|Any CPU
	EndGlobalSection
	GlobalSection(ProjectConfigurationPlatforms) = postSolution
		{1E535B92-267F-4F00-83D0-F34E07D13D11}.Debug|Any CPU.ActiveCfg = Debug|Any CPU
		{1E535B92-267F-4F00-83D0-F34E07D13D11}.Debug|Any CPU.Build.0 = Debug|Any CPU
		{1E535B92-267F-4F00-83D0-F34E07D13D11}.Release|Any CPU.ActiveCfg = Release|Any CPU
		{1E535B92-267F-4F00-83D0-F34E07D13D11}.Release|Any CPU.Build.0 = Release|Any CPU
	EndGlobalSection
	GlobalSection(SolutionProperties) = preSolution
		HideSolutionNode = FALSE
	EndGlobalSection
	GlobalSection(ExtensibilityGlobals) = postSolution
		SolutionGuid = {5F0541C2-E527-48D7-B4BF-71FA0CF9F709}
	EndGlobalSection
EndGlobal
